
Microsoft Visual Studio Solution File, Format Version 12.00
# Visual Studio Version 17
VisualStudioVersion = 17.6.33829.357
MinimumVisualStudioVersion = 10.0.40219.1
Project("{888888A0-9F3D-457C-B088-3A5042F75D52}") = "site", "site.pyproj", "{9CCDB325-37BC-4F7C-A1B4-C9E893F15BF2}"
EndProject
Global
	GlobalSection(SolutionConfigurationPlatforms) = preSolution
		Debug|Any CPU = Debug|Any CPU
		Release|Any CPU = Release|Any CPU
	EndGlobalSection
	GlobalSection(ProjectConfigurationPlatforms) = postSolution
		{9CCDB325-37BC-4F7C-A1B4-C9E893F15BF2}.Debug|Any CPU.ActiveCfg = Debug|Any CPU
		{9CCDB325-37BC-4F7C-A1B4-C9E893F15BF2}.Release|Any CPU.ActiveCfg = Release|Any CPU
	EndGlobalSection
	GlobalSection(SolutionProperties) = preSolution
		HideSolutionNode = FALSE
	EndGlobalSection
	GlobalSection(ExtensibilityGlobals) = postSolution
		SolutionGuid = {C3BAB08E-0149-4C5E-A884-15FE4FE8DAD9}
	EndGlobalSection
EndGlobal
